
Microsoft Visual Studio Solution File, Format Version 12.00
# Visual Studio Version 17
VisualStudioVersion = 17.5.33627.172
MinimumVisualStudioVersion = 10.0.40219.1
Project("{FAE04EC0-301F-11D3-BF4B-00C04F79EFBC}") = "ParcialNo.1", "ParcialNo.1\ParcialNo.1.csproj", "{CBF719D2-50E0-4F26-BDC6-ACA385D66335}"
EndProject
Global
	GlobalSection(SolutionConfigurationPlatforms) = preSolution
		Debug|Any CPU = Debug|Any CPU
		Release|Any CPU = Release|Any CPU
	EndGlobalSection
	GlobalSection(ProjectConfigurationPlatforms) = postSolution
		{CBF719D2-50E0-4F26-BDC6-ACA385D66335}.Debug|Any CPU.ActiveCfg = Debug|Any CPU
		{CBF719D2-50E0-4F26-BDC6-ACA385D66335}.Debug|Any CPU.Build.0 = Debug|Any CPU
		{CBF719D2-50E0-4F26-BDC6-ACA385D66335}.Release|Any CPU.ActiveCfg = Release|Any CPU
		{CBF719D2-50E0-4F26-BDC6-ACA385D66335}.Release|Any CPU.Build.0 = Release|Any CPU
	EndGlobalSection
	GlobalSection(SolutionProperties) = preSolution
		HideSolutionNode = FALSE
	EndGlobalSection
	GlobalSection(ExtensibilityGlobals) = postSolution
		SolutionGuid = {7966C358-EE36-48BD-A5C9-57633836F8BC}
	EndGlobalSection
EndGlobal
